
Microsoft Visual Studio Solution File, Format Version 12.00
# Visual Studio Version 17
VisualStudioVersion = 17.10.35013.160
MinimumVisualStudioVersion = 10.0.40219.1
Project("{FAE04EC0-301F-11D3-BF4B-00C04F79EFBC}") = "PocOnReflection", "PocOnReflection.csproj", "{21799C65-4958-4072-8C9A-EA0584057ACB}"
EndProject
Global
	GlobalSection(SolutionConfigurationPlatforms) = preSolution
		Debug|Any CPU = Debug|Any CPU
		Release|Any CPU = Release|Any CPU
	EndGlobalSection
	GlobalSection(ProjectConfigurationPlatforms) = postSolution
		{21799C65-4958-4072-8C9A-EA0584057ACB}.Debug|Any CPU.ActiveCfg = Debug|Any CPU
		{21799C65-4958-4072-8C9A-EA0584057ACB}.Debug|Any CPU.Build.0 = Debug|Any CPU
		{21799C65-4958-4072-8C9A-EA0584057ACB}.Release|Any CPU.ActiveCfg = Release|Any CPU
		{21799C65-4958-4072-8C9A-EA0584057ACB}.Release|Any CPU.Build.0 = Release|Any CPU
	EndGlobalSection
	GlobalSection(SolutionProperties) = preSolution
		HideSolutionNode = FALSE
	EndGlobalSection
	GlobalSection(ExtensibilityGlobals) = postSolution
		SolutionGuid = {17ED883F-0F8A-44E5-ACEE-0FA7AC198776}
	EndGlobalSection
EndGlobal
